
Microsoft Visual Studio Solution File, Format Version 12.00
# Visual Studio Version 17
VisualStudioVersion = 17.5.002.0
MinimumVisualStudioVersion = 10.0.40219.1
Project("{9A19103F-16F7-4668-BE54-9A1E7A4F7556}") = "HaoKao.CampaignService.Application", "HaoKao.CampaignService.Application\HaoKao.CampaignService.Application.csproj", "{D7399BEC-ACB0-4812-8A43-05328F4CBD07}"
EndProject
Project("{9A19103F-16F7-4668-BE54-9A1E7A4F7556}") = "HaoKao.CampaignService.Domain", "HaoKao.CampaignService.Domain\HaoKao.CampaignService.Domain.csproj", "{321D9A38-1CC9-4BC6-A1D5-DBFFD302D69F}"
EndProject
Project("{9A19103F-16F7-4668-BE54-9A1E7A4F7556}") = "HaoKao.CampaignService.Infrastructure", "HaoKao.CampaignService.Infrastructure\HaoKao.CampaignService.Infrastructure.csproj", "{ECD3BE51-A60E-4642-AD2B-65DEE9C18A4B}"
EndProject
Project("{9A19103F-16F7-4668-BE54-9A1E7A4F7556}") = "HaoKao.CampaignService.WebApi", "HaoKao.CampaignService.WebApi\HaoKao.CampaignService.WebApi.csproj", "{784183B5-3F00-454A-A1DC-5E8F083B2BFE}"
EndProject
Global
	GlobalSection(SolutionConfigurationPlatforms) = preSolution
		Debug|Any CPU = Debug|Any CPU
		Release|Any CPU = Release|Any CPU
	EndGlobalSection
	GlobalSection(ProjectConfigurationPlatforms) = postSolution
		{D7399BEC-ACB0-4812-8A43-05328F4CBD07}.Debug|Any CPU.ActiveCfg = Debug|Any CPU
		{D7399BEC-ACB0-4812-8A43-05328F4CBD07}.Debug|Any CPU.Build.0 = Debug|Any CPU
		{D7399BEC-ACB0-4812-8A43-05328F4CBD07}.Release|Any CPU.ActiveCfg = Release|Any CPU
		{D7399BEC-ACB0-4812-8A43-05328F4CBD07}.Release|Any CPU.Build.0 = Release|Any CPU
		{321D9A38-1CC9-4BC6-A1D5-DBFFD302D69F}.Debug|Any CPU.ActiveCfg = Debug|Any CPU
		{321D9A38-1CC9-4BC6-A1D5-DBFFD302D69F}.Debug|Any CPU.Build.0 = Debug|Any CPU
		{321D9A38-1CC9-4BC6-A1D5-DBFFD302D69F}.Release|Any CPU.ActiveCfg = Release|Any CPU
		{321D9A38-1CC9-4BC6-A1D5-DBFFD302D69F}.Release|Any CPU.Build.0 = Release|Any CPU
		{ECD3BE51-A60E-4642-AD2B-65DEE9C18A4B}.Debug|Any CPU.ActiveCfg = Debug|Any CPU
		{ECD3BE51-A60E-4642-AD2B-65DEE9C18A4B}.Debug|Any CPU.Build.0 = Debug|Any CPU
		{ECD3BE51-A60E-4642-AD2B-65DEE9C18A4B}.Release|Any CPU.ActiveCfg = Release|Any CPU
		{ECD3BE51-A60E-4642-AD2B-65DEE9C18A4B}.Release|Any CPU.Build.0 = Release|Any CPU
		{784183B5-3F00-454A-A1DC-5E8F083B2BFE}.Debug|Any CPU.ActiveCfg = Debug|Any CPU
		{784183B5-3F00-454A-A1DC-5E8F083B2BFE}.Debug|Any CPU.Build.0 = Debug|Any CPU
		{784183B5-3F00-454A-A1DC-5E8F083B2BFE}.Release|Any CPU.ActiveCfg = Release|Any CPU
		{784183B5-3F00-454A-A1DC-5E8F083B2BFE}.Release|Any CPU.Build.0 = Release|Any CPU
	EndGlobalSection
	GlobalSection(SolutionProperties) = preSolution
		HideSolutionNode = FALSE
	EndGlobalSection
	GlobalSection(ExtensibilityGlobals) = postSolution
		SolutionGuid = {714101FD-6DED-4EDB-8927-19EA99F0D0B8}
	EndGlobalSection
EndGlobal
