
Microsoft Visual Studio Solution File, Format Version 12.00
# Visual Studio Version 17
VisualStudioVersion = 17.5.002.0
MinimumVisualStudioVersion = 10.0.40219.1
Project("{9A19103F-16F7-4668-BE54-9A1E7A4F7556}") = "HaoKao.DrawPrizeService.Infrastructure", "HaoKao.DrawPrizeService.Infrastructure\HaoKao.DrawPrizeService.Infrastructure.csproj", "{3B6B7829-C6DE-46D1-9B25-46B73F268455}"
EndProject
Project("{9A19103F-16F7-4668-BE54-9A1E7A4F7556}") = "HaoKao.DrawPrizeService.Application", "HaoKao.DrawPrizeService.Application\HaoKao.DrawPrizeService.Application.csproj", "{888DF4D7-0D6D-4ADC-988F-F734B71F185F}"
EndProject
Project("{9A19103F-16F7-4668-BE54-9A1E7A4F7556}") = "HaoKao.DrawPrizeService.WebApi", "HaoKao.DrawPrizeService.WebApi\HaoKao.DrawPrizeService.WebApi.csproj", "{2DEDE8F8-251B-4A1A-B41D-DD881CE748B0}"
EndProject
Project("{9A19103F-16F7-4668-BE54-9A1E7A4F7556}") = "HaoKao.DrawPrizeService.Domain", "HaoKao.DrawPrizeService.Domain\HaoKao.DrawPrizeService.Domain.csproj", "{6403BA59-FD4B-46AC-ACBF-098E7D5DB68C}"
EndProject
Global
	GlobalSection(SolutionConfigurationPlatforms) = preSolution
		Debug|Any CPU = Debug|Any CPU
		Release|Any CPU = Release|Any CPU
	EndGlobalSection
	GlobalSection(ProjectConfigurationPlatforms) = postSolution
		{3B6B7829-C6DE-46D1-9B25-46B73F268455}.Debug|Any CPU.ActiveCfg = Debug|Any CPU
		{3B6B7829-C6DE-46D1-9B25-46B73F268455}.Debug|Any CPU.Build.0 = Debug|Any CPU
		{3B6B7829-C6DE-46D1-9B25-46B73F268455}.Release|Any CPU.ActiveCfg = Release|Any CPU
		{3B6B7829-C6DE-46D1-9B25-46B73F268455}.Release|Any CPU.Build.0 = Release|Any CPU
		{888DF4D7-0D6D-4ADC-988F-F734B71F185F}.Debug|Any CPU.ActiveCfg = Debug|Any CPU
		{888DF4D7-0D6D-4ADC-988F-F734B71F185F}.Debug|Any CPU.Build.0 = Debug|Any CPU
		{888DF4D7-0D6D-4ADC-988F-F734B71F185F}.Release|Any CPU.ActiveCfg = Release|Any CPU
		{888DF4D7-0D6D-4ADC-988F-F734B71F185F}.Release|Any CPU.Build.0 = Release|Any CPU
		{2DEDE8F8-251B-4A1A-B41D-DD881CE748B0}.Debug|Any CPU.ActiveCfg = Debug|Any CPU
		{2DEDE8F8-251B-4A1A-B41D-DD881CE748B0}.Debug|Any CPU.Build.0 = Debug|Any CPU
		{2DEDE8F8-251B-4A1A-B41D-DD881CE748B0}.Release|Any CPU.ActiveCfg = Release|Any CPU
		{2DEDE8F8-251B-4A1A-B41D-DD881CE748B0}.Release|Any CPU.Build.0 = Release|Any CPU
		{6403BA59-FD4B-46AC-ACBF-098E7D5DB68C}.Debug|Any CPU.ActiveCfg = Debug|Any CPU
		{6403BA59-FD4B-46AC-ACBF-098E7D5DB68C}.Debug|Any CPU.Build.0 = Debug|Any CPU
		{6403BA59-FD4B-46AC-ACBF-098E7D5DB68C}.Release|Any CPU.ActiveCfg = Release|Any CPU
		{6403BA59-FD4B-46AC-ACBF-098E7D5DB68C}.Release|Any CPU.Build.0 = Release|Any CPU
	EndGlobalSection
	GlobalSection(SolutionProperties) = preSolution
		HideSolutionNode = FALSE
	EndGlobalSection
	GlobalSection(ExtensibilityGlobals) = postSolution
		SolutionGuid = {28C0808A-18C1-4516-A148-542EB1236C9D}
	EndGlobalSection
EndGlobal
