
Microsoft Visual Studio Solution File, Format Version 12.00
# Visual Studio Version 17
VisualStudioVersion = 17.9.34902.65
MinimumVisualStudioVersion = 10.0.40219.1
Project("{2150E333-8FDC-42A3-9474-1A3956D46DE8}") = "src", "src", "{A4432827-0C3E-4B93-89F1-F504ED937CD5}"
EndProject
Project("{9A19103F-16F7-4668-BE54-9A1E7A4F7556}") = "ShortUrlService.WebApi", "ShortUrlService.WebApi\ShortUrlService.WebApi.csproj", "{15AC530A-17DC-4BB3-9A4B-4C5837F47E88}"
EndProject
Project("{9A19103F-16F7-4668-BE54-9A1E7A4F7556}") = "ShortUrlService.Domain", "ShortUrlService.Domain\ShortUrlService.Domain.csproj", "{D0FF5614-5F70-4396-99F2-A53DC13D87A8}"
EndProject
Project("{9A19103F-16F7-4668-BE54-9A1E7A4F7556}") = "ShortUrlService.Infrastructure", "ShortUrlService.Infrastructure\ShortUrlService.Infrastructure.csproj", "{3186E2E4-8D4E-4DB9-81FB-87E87D77CD6C}"
EndProject
Global
	GlobalSection(SolutionConfigurationPlatforms) = preSolution
		Debug|Any CPU = Debug|Any CPU
		Release|Any CPU = Release|Any CPU
	EndGlobalSection
	GlobalSection(ProjectConfigurationPlatforms) = postSolution
		{15AC530A-17DC-4BB3-9A4B-4C5837F47E88}.Debug|Any CPU.ActiveCfg = Debug|Any CPU
		{15AC530A-17DC-4BB3-9A4B-4C5837F47E88}.Debug|Any CPU.Build.0 = Debug|Any CPU
		{15AC530A-17DC-4BB3-9A4B-4C5837F47E88}.Release|Any CPU.ActiveCfg = Release|Any CPU
		{15AC530A-17DC-4BB3-9A4B-4C5837F47E88}.Release|Any CPU.Build.0 = Release|Any CPU
		{D0FF5614-5F70-4396-99F2-A53DC13D87A8}.Debug|Any CPU.ActiveCfg = Debug|Any CPU
		{D0FF5614-5F70-4396-99F2-A53DC13D87A8}.Debug|Any CPU.Build.0 = Debug|Any CPU
		{D0FF5614-5F70-4396-99F2-A53DC13D87A8}.Release|Any CPU.ActiveCfg = Release|Any CPU
		{D0FF5614-5F70-4396-99F2-A53DC13D87A8}.Release|Any CPU.Build.0 = Release|Any CPU
		{3186E2E4-8D4E-4DB9-81FB-87E87D77CD6C}.Debug|Any CPU.ActiveCfg = Debug|Any CPU
		{3186E2E4-8D4E-4DB9-81FB-87E87D77CD6C}.Debug|Any CPU.Build.0 = Debug|Any CPU
		{3186E2E4-8D4E-4DB9-81FB-87E87D77CD6C}.Release|Any CPU.ActiveCfg = Release|Any CPU
		{3186E2E4-8D4E-4DB9-81FB-87E87D77CD6C}.Release|Any CPU.Build.0 = Release|Any CPU
	EndGlobalSection
	GlobalSection(SolutionProperties) = preSolution
		HideSolutionNode = FALSE
	EndGlobalSection
	GlobalSection(NestedProjects) = preSolution
		{15AC530A-17DC-4BB3-9A4B-4C5837F47E88} = {A4432827-0C3E-4B93-89F1-F504ED937CD5}
		{D0FF5614-5F70-4396-99F2-A53DC13D87A8} = {A4432827-0C3E-4B93-89F1-F504ED937CD5}
		{3186E2E4-8D4E-4DB9-81FB-87E87D77CD6C} = {A4432827-0C3E-4B93-89F1-F504ED937CD5}
	EndGlobalSection
	GlobalSection(ExtensibilityGlobals) = postSolution
		SolutionGuid = {8FCD0AE7-5DA2-4618-85C1-AB9280A890D9}
	EndGlobalSection
EndGlobal
