
Microsoft Visual Studio Solution File, Format Version 12.00
# Visual Studio Version 17
VisualStudioVersion = 17.5.002.0
MinimumVisualStudioVersion = 10.0.40219.1
Project("{9A19103F-16F7-4668-BE54-9A1E7A4F7556}") = "HaoKao.BasicService.Infrastructure", "HaoKao.BasicService.Infrastructure\HaoKao.BasicService.Infrastructure.csproj", "{AE8C032A-F4A9-4DF3-A0DA-8FD1C69703C6}"
EndProject
Project("{9A19103F-16F7-4668-BE54-9A1E7A4F7556}") = "HaoKao.BasicService.WebApi", "HaoKao.BasicService.WebApi\HaoKao.BasicService.WebApi.csproj", "{2DE07085-885E-489D-AAF4-14618DA7B9FD}"
EndProject
Project("{9A19103F-16F7-4668-BE54-9A1E7A4F7556}") = "HaoKao.BasicService.Application", "HaoKao.BasicService.Application\HaoKao.BasicService.Application.csproj", "{6FD236F4-C235-45C2-B46C-F6681250AF87}"
EndProject
Project("{9A19103F-16F7-4668-BE54-9A1E7A4F7556}") = "HaoKao.BasicService.Domain", "HaoKao.BasicService.Domain\HaoKao.BasicService.Domain.csproj", "{AC04F47C-BE30-4642-BED3-AA6F7654D2AA}"
EndProject
Global
	GlobalSection(SolutionConfigurationPlatforms) = preSolution
		Debug|Any CPU = Debug|Any CPU
		Release|Any CPU = Release|Any CPU
	EndGlobalSection
	GlobalSection(ProjectConfigurationPlatforms) = postSolution
		{AE8C032A-F4A9-4DF3-A0DA-8FD1C69703C6}.Debug|Any CPU.ActiveCfg = Debug|Any CPU
		{AE8C032A-F4A9-4DF3-A0DA-8FD1C69703C6}.Debug|Any CPU.Build.0 = Debug|Any CPU
		{AE8C032A-F4A9-4DF3-A0DA-8FD1C69703C6}.Release|Any CPU.ActiveCfg = Release|Any CPU
		{AE8C032A-F4A9-4DF3-A0DA-8FD1C69703C6}.Release|Any CPU.Build.0 = Release|Any CPU
		{2DE07085-885E-489D-AAF4-14618DA7B9FD}.Debug|Any CPU.ActiveCfg = Debug|Any CPU
		{2DE07085-885E-489D-AAF4-14618DA7B9FD}.Debug|Any CPU.Build.0 = Debug|Any CPU
		{2DE07085-885E-489D-AAF4-14618DA7B9FD}.Release|Any CPU.ActiveCfg = Release|Any CPU
		{2DE07085-885E-489D-AAF4-14618DA7B9FD}.Release|Any CPU.Build.0 = Release|Any CPU
		{6FD236F4-C235-45C2-B46C-F6681250AF87}.Debug|Any CPU.ActiveCfg = Debug|Any CPU
		{6FD236F4-C235-45C2-B46C-F6681250AF87}.Debug|Any CPU.Build.0 = Debug|Any CPU
		{6FD236F4-C235-45C2-B46C-F6681250AF87}.Release|Any CPU.ActiveCfg = Release|Any CPU
		{6FD236F4-C235-45C2-B46C-F6681250AF87}.Release|Any CPU.Build.0 = Release|Any CPU
		{AC04F47C-BE30-4642-BED3-AA6F7654D2AA}.Debug|Any CPU.ActiveCfg = Debug|Any CPU
		{AC04F47C-BE30-4642-BED3-AA6F7654D2AA}.Debug|Any CPU.Build.0 = Debug|Any CPU
		{AC04F47C-BE30-4642-BED3-AA6F7654D2AA}.Release|Any CPU.ActiveCfg = Release|Any CPU
		{AC04F47C-BE30-4642-BED3-AA6F7654D2AA}.Release|Any CPU.Build.0 = Release|Any CPU
	EndGlobalSection
	GlobalSection(SolutionProperties) = preSolution
		HideSolutionNode = FALSE
	EndGlobalSection
	GlobalSection(ExtensibilityGlobals) = postSolution
		SolutionGuid = {E41A5AA0-3A04-4872-9D66-184450507CFA}
	EndGlobalSection
EndGlobal
